{
  "name": "@pdlc-os/pdlc",
  "version": "2.7.0",
  "lockfileVersion": 3,
  "requires": true,
  "packages": {
    "": {
      "name": "@pdlc-os/pdlc",
      "version": "2.7.0",
      "hasInstallScript": true,
      "license": "MIT",
      "bin": {
        "pdlc": "bin/pdlc.js"
      },
      "engines": {
        "node": ">=18"
      }
    }
  }
}
